
Microsoft Visual Studio Solution File, Format Version 12.00
# Visual Studio Version 17
VisualStudioVersion = 17.14.37301.10 d17.14
MinimumVisualStudioVersion = 10.0.40219.1
Project("{FAE04EC0-301F-11D3-BF4B-00C04F79EFBC}") = "Gestor_Salon_Belleza", "Gestor_Salon_Belleza\Gestor_Salon_Belleza.csproj", "{7874E215-B8E8-4864-A881-B0215BAC70CE}"
EndProject
Global
	GlobalSection(SolutionConfigurationPlatforms) = preSolution
		Debug|Any CPU = Debug|Any CPU
		Release|Any CPU = Release|Any CPU
	EndGlobalSection
	GlobalSection(ProjectConfigurationPlatforms) = postSolution
		{7874E215-B8E8-4864-A881-B0215BAC70CE}.Debug|Any CPU.ActiveCfg = Debug|Any CPU
		{7874E215-B8E8-4864-A881-B0215BAC70CE}.Debug|Any CPU.Build.0 = Debug|Any CPU
		{7874E215-B8E8-4864-A881-B0215BAC70CE}.Release|Any CPU.ActiveCfg = Release|Any CPU
		{7874E215-B8E8-4864-A881-B0215BAC70CE}.Release|Any CPU.Build.0 = Release|Any CPU
	EndGlobalSection
	GlobalSection(SolutionProperties) = preSolution
		HideSolutionNode = FALSE
	EndGlobalSection
	GlobalSection(ExtensibilityGlobals) = postSolution
		SolutionGuid = {C5ED0826-2FC8-4BD6-B585-D18B8FDE2B97}
	EndGlobalSection
EndGlobal
